// !$*UTF8*$!
{
	archiveVersion = 1;
	classes = {
	};
	objectVersion = 50;
	objects = {

/* Begin PBXBuildFile section */
		2BDD0683247398C100B99B0B /* AppDelegate.swift in Sources */ = {isa = PBXBuildFile; fileRef = 2BDD0682247398C100B99B0B /* AppDelegate.swift */; };
		2BDD0685247398C100B99B0B /* SceneDelegate.swift in Sources */ = {isa = PBXBuildFile; fileRef = 2BDD0684247398C100B99B0B /* SceneDelegate.swift */; };
		2BDD0687247398C100B99B0B /* ViewController.swift in Sources */ = {isa = PBXBuildFile; fileRef = 2BDD0686247398C100B99B0B /* ViewController.swift */; };
		2BDD068A247398C100B99B0B /* Main.storyboard in Resources */ = {isa = PBXBuildFile; fileRef = 2BDD0688247398C100B99B0B /* Main.storyboard */; };
		2BDD068D247398C100B99B0B /* AutolayoutChat_View.xcdatamodeld in Sources */ = {isa = PBXBuildFile; fileRef = 2BDD068B247398C100B99B0B /* AutolayoutChat_View.xcdatamodeld */; };
		2BDD068F247398C200B99B0B /* Assets.xcassets in Resources */ = {isa = PBXBuildFile; fileRef = 2BDD068E247398C200B99B0B /* Assets.xcassets */; };
		2BDD0692247398C200B99B0B /* LaunchScreen.storyboard in Resources */ = {isa = PBXBuildFile; fileRef = 2BDD0690247398C200B99B0B /* LaunchScreen.storyboard */; };
		2BDD069D24739A3E00B99B0B /* MyCell.swift in Sources */ = {isa = PBXBuildFile; fileRef = 2BDD069B24739A3E00B99B0B /* MyCell.swift */; };
		2BDD069E24739A3E00B99B0B /* MyCell.xib in Resources */ = {isa = PBXBuildFile; fileRef = 2BDD069C24739A3E00B99B0B /* MyCell.xib */; };
		2BDD06A32473A1BE00B99B0B /* YourCell.swift in Sources */ = {isa = PBXBuildFile; fileRef = 2BDD06A12473A1BE00B99B0B /* YourCell.swift */; };
		2BDD06A42473A1BE00B99B0B /* YourCell.xib in Resources */ = {isa = PBXBuildFile; fileRef = 2BDD06A22473A1BE00B99B0B /* YourCell.xib */; };
/* End PBXBuildFile section */

/* Begin PBXFileReference section */
		2BDD067F247398C100B99B0B /* AutolayoutChat_View.app */ = {isa = PBXFileReference; explicitFileType = wrapper.application; includeInIndex = 0; path = AutolayoutChat_View.app; sourceTree = BUILT_PRODUCTS_DIR; };
		2BDD0682247398C100B99B0B /* AppDelegate.swift */ = {isa = PBXFileReference; lastKnownFileType = sourcecode.swift; path = AppDelegate.swift; sourceTree = "<group>"; };
		2BDD0684247398C100B99B0B /* SceneDelegate.swift */ = {isa = PBXFileReference; lastKnownFileType = sourcecode.swift; path = SceneDelegate.swift; sourceTree = "<group>"; };
		2BDD0686247398C100B99B0B /* ViewController.swift */ = {isa = PBXFileReference; lastKnownFileType = sourcecode.swift; path = ViewController.swift; sourceTree = "<group>"; };
		2BDD0689247398C100B99B0B /* Base */ = {isa = PBXFileReference; lastKnownFileType = file.storyboard; name = Base; path = Base.lproj/Main.storyboard; sourceTree = "<group>"; };
		2BDD068C247398C100B99B0B /* AutolayoutChat_View.xcdatamodel */ = {isa = PBXFileReference; lastKnownFileType = wrapper.xcdatamodel; path = AutolayoutChat_View.xcdatamodel; sourceTree = "<group>"; };
		2BDD068E247398C200B99B0B /* Assets.xcassets */ = {isa = PBXFileReference; lastKnownFileType = folder.assetcatalog; path = Assets.xcassets; sourceTree = "<group>"; };
		2BDD0691247398C200B99B0B /* Base */ = {isa = PBXFileReference; lastKnownFileType = file.storyboard; name = Base; path = Base.lproj/LaunchScreen.storyboard; sourceTree = "<group>"; };
		2BDD0693247398C200B99B0B /* Info.plist */ = {isa = PBXFileReference; lastKnownFileType = text.plist.xml; path = Info.plist; sourceTree = "<group>"; };
		2BDD069B24739A3E00B99B0B /* MyCell.swift */ = {isa = PBXFileReference; lastKnownFileType = sourcecode.swift; path = MyCell.swift; sourceTree = "<group>"; };
		2BDD069C24739A3E00B99B0B /* MyCell.xib */ = {isa = PBXFileReference; lastKnownFileType = file.xib; path = MyCell.xib; sourceTree = "<group>"; };
		2BDD06A12473A1BE00B99B0B /* YourCell.swift */ = {isa = PBXFileReference; lastKnownFileType = sourcecode.swift; path = YourCell.swift; sourceTree = "<group>"; };
		2BDD06A22473A1BE00B99B0B /* YourCell.xib */ = {isa = PBXFileReference; lastKnownFileType = file.xib; path = YourCell.xib; sourceTree = "<group>"; };
/* End PBXFileReference section */

/* Begin PBXFrameworksBuildPhase section */
		2BDD067C247398C100B99B0B /* Frameworks */ = {
			isa = PBXFrameworksBuildPhase;
			buildActionMask = 2147483647;
			files = (
			);
			runOnlyForDeploymentPostprocessing = 0;
		};
/* End PBXFrameworksBuildPhase section */

/* Begin PBXGroup section */
		2BDD0676247398C100B99B0B = {
			isa = PBXGroup;
			children = (
				2BDD0681247398C100B99B0B /* AutolayoutChat_View */,
				2BDD0680247398C100B99B0B /* Products */,
			);
			sourceTree = "<group>";
		};
		2BDD0680247398C100B99B0B /* Products */ = {
			isa = PBXGroup;
			children = (
				2BDD067F247398C100B99B0B /* AutolayoutChat_View.app */,
			);
			name = Products;
			sourceTree = "<group>";
		};
		2BDD0681247398C100B99B0B /* AutolayoutChat_View */ = {
			isa = PBXGroup;
			children = (
				2BDD0682247398C100B99B0B /* AppDelegate.swift */,
				2BDD0684247398C100B99B0B /* SceneDelegate.swift */,
				2BDD0686247398C100B99B0B /* ViewController.swift */,
				2BDD0688247398C100B99B0B /* Main.storyboard */,
				2BDD069B24739A3E00B99B0B /* MyCell.swift */,
				2BDD069C24739A3E00B99B0B /* MyCell.xib */,
				2BDD06A12473A1BE00B99B0B /* YourCell.swift */,
				2BDD06A22473A1BE00B99B0B /* YourCell.xib */,
				2BDD068E247398C200B99B0B /* Assets.xcassets */,
				2BDD0690247398C200B99B0B /* LaunchScreen.storyboard */,
				2BDD0693247398C200B99B0B /* Info.plist */,
				2BDD068B247398C100B99B0B /* AutolayoutChat_View.xcdatamodeld */,
			);
			path = AutolayoutChat_View;
			sourceTree = "<group>";
		};
/* End PBXGroup section */

/* Begin PBXNativeTarget section */
		2BDD067E247398C100B99B0B /* AutolayoutChat_View */ = {
			isa = PBXNativeTarget;
			buildConfigurationList = 2BDD0696247398C200B99B0B /* Build configuration list for PBXNativeTarget "AutolayoutChat_View" */;
			buildPhases = (
				2BDD067B247398C100B99B0B /* Sources */,
				2BDD067C247398C100B99B0B /* Frameworks */,
				2BDD067D247398C100B99B0B /* Resources */,
			);
			buildRules = (
			);
			dependencies = (
			);
			name = AutolayoutChat_View;
			productName = AutolayoutChat_View;
			productReference = 2BDD067F247398C100B99B0B /* AutolayoutChat_View.app */;
			productType = "com.apple.product-type.application";
		};
/* End PBXNativeTarget section */

/* Begin PBXProject section */
		2BDD0677247398C100B99B0B /* Project object */ = {
			isa = PBXProject;
			attributes = {
				LastSwiftUpdateCheck = 1130;
				LastUpgradeCheck = 1130;
				ORGANIZATIONNAME = "맥북프로에임메드";
				TargetAttributes = {
					2BDD067E247398C100B99B0B = {
						CreatedOnToolsVersion = 11.3;
					};
				};
			};
			buildConfigurationList = 2BDD067A247398C100B99B0B /* Build configuration list for PBXProject "AutolayoutChat_View" */;
			compatibilityVersion = "Xcode 9.3";
			developmentRegion = en;
			hasScannedForEncodings = 0;
			knownRegions = (
				en,
				Base,
			);
			mainGroup = 2BDD0676247398C100B99B0B;
			productRefGroup = 2BDD0680247398C100B99B0B /* Products */;
			projectDirPath = "";
			projectRoot = "";
			targets = (
				2BDD067E247398C100B99B0B /* AutolayoutChat_View */,
			);
		};
/* End PBXProject section */

/* Begin PBXResourcesBuildPhase section */
		2BDD067D247398C100B99B0B /* Resources */ = {
			isa = PBXResourcesBuildPhase;
			buildActionMask = 2147483647;
			files = (
				2BDD0692247398C200B99B0B /* LaunchScreen.storyboard in Resources */,
				2BDD06A42473A1BE00B99B0B /* YourCell.xib in Resources */,
				2BDD069E24739A3E00B99B0B /* MyCell.xib in Resources */,
				2BDD068F247398C200B99B0B /* Assets.xcassets in Resources */,
				2BDD068A247398C100B99B0B /* Main.storyboard in Resources */,
			);
			runOnlyForDeploymentPostprocessing = 0;
		};
/* End PBXResourcesBuildPhase section */

/* Begin PBXSourcesBuildPhase section */
		2BDD067B247398C100B99B0B /* Sources */ = {
			isa = PBXSourcesBuildPhase;
			buildActionMask = 2147483647;
			files = (
				2BDD0687247398C100B99B0B /* ViewController.swift in Sources */,
				2BDD069D24739A3E00B99B0B /* MyCell.swift in Sources */,
				2BDD0683247398C100B99B0B /* AppDelegate.swift in Sources */,
				2BDD068D247398C100B99B0B /* AutolayoutChat_View.xcdatamodeld in Sources */,
				2BDD06A32473A1BE00B99B0B /* YourCell.swift in Sources */,
				2BDD0685247398C100B99B0B /* SceneDelegate.swift in Sources */,
			);
			runOnlyForDeploymentPostprocessing = 0;
		};
/* End PBXSourcesBuildPhase section */

/* Begin PBXVariantGroup section */
		2BDD0688247398C100B99B0B /* Main.storyboard */ = {
			isa = PBXVariantGroup;
			children = (
				2BDD0689247398C100B99B0B /* Base */,
			);
			name = Main.storyboard;
			sourceTree = "<group>";
		};
		2BDD0690247398C200B99B0B /* LaunchScreen.storyboard */ = {
			isa = PBXVariantGroup;
			children = (
				2BDD0691247398C200B99B0B /* Base */,
			);
			name = LaunchScreen.storyboard;
			sourceTree = "<group>";
		};
/* End PBXVariantGroup section */

/* Begin XCBuildConfiguration section */
		2BDD0694247398C200B99B0B /* Debug */ = {
			isa = XCBuildConfiguration;
			buildSettings = {
				ALWAYS_SEARCH_USER_PATHS = NO;
				CLANG_ANALYZER_NONNULL = YES;
				CLANG_ANALYZER_NUMBER_OBJECT_CONVERSION = YES_AGGRESSIVE;
				CLANG_CXX_LANGUAGE_STANDARD = "gnu++14";
				CLANG_CXX_LIBRARY = "libc++";
				CLANG_ENABLE_MODULES = YES;
				CLANG_ENABLE_OBJC_ARC = YES;
				CLANG_ENABLE_OBJC_WEAK = YES;
				CLANG_WARN_BLOCK_CAPTURE_AUTORELEASING = YES;
				CLANG_WARN_BOOL_CONVERSION = YES;
				CLANG_WARN_COMMA = YES;
				CLANG_WARN_CONSTANT_CONVERSION = YES;
				CLANG_WARN_DEPRECATED_OBJC_IMPLEMENTATIONS = YES;
				CLANG_WARN_DIRECT_OBJC_ISA_USAGE = YES_ERROR;
				CLANG_WARN_DOCUMENTATION_COMMENTS = YES;
				CLANG_WARN_EMPTY_BODY = YES;
				CLANG_WARN_ENUM_CONVERSION = YES;
				CLANG_WARN_INFINITE_RECURSION = YES;
				CLANG_WARN_INT_CONVERSION = YES;
				CLANG_WARN_NON_LITERAL_NULL_CONVERSION = YES;
				CLANG_WARN_OBJC_IMPLICIT_RETAIN_SELF = YES;
				CLANG_WARN_OBJC_LITERAL_CONVERSION = YES;
				CLANG_WARN_OBJC_ROOT_CLASS = YES_ERROR;
				CLANG_WARN_RANGE_LOOP_ANALYSIS = YES;
				CLANG_WARN_STRICT_PROTOTYPES = YES;
				CLANG_WARN_SUSPICIOUS_MOVE = YES;
				CLANG_WARN_UNGUARDED_AVAILABILITY = YES_AGGRESSIVE;
				CLANG_WARN_UNREACHABLE_CODE = YES;
				CLANG_WARN__DUPLICATE_METHOD_MATCH = YES;
				COPY_PHASE_STRIP = NO;
				DEBUG_INFORMATION_FORMAT = dwarf;
				ENABLE_STRICT_OBJC_MSGSEND = YES;
				ENABLE_TESTABILITY = YES;
				GCC_C_LANGUAGE_STANDARD = gnu11;
				GCC_DYNAMIC_NO_PIC = NO;
				GCC_NO_COMMON_BLOCKS = YES;
				GCC_OPTIMIZATION_LEVEL = 0;
				GCC_PREPROCESSOR_DEFINITIONS = (
					"DEBUG=1",
					"$(inherited)",
				);
				GCC_WARN_64_TO_32_BIT_CONVERSION = YES;
				GCC_WARN_ABOUT_RETURN_TYPE = YES_ERROR;
				GCC_WARN_UNDECLARED_SELECTOR = YES;
				GCC_WARN_UNINITIALIZED_AUTOS = YES_AGGRESSIVE;
				GCC_WARN_UNUSED_FUNCTION = YES;
				GCC_WARN_UNUSED_VARIABLE = YES;
				IPHONEOS_DEPLOYMENT_TARGET = 13.2;
				MTL_ENABLE_DEBUG_INFO = INCLUDE_SOURCE;
				MTL_FAST_MATH = YES;
				ONLY_ACTIVE_ARCH = YES;
				SDKROOT = iphoneos;
				SWIFT_ACTIVE_COMPILATION_CONDITIONS = DEBUG;
				SWIFT_OPTIMIZATION_LEVEL = "-Onone";
			};
			name = Debug;
		};
		2BDD0695247398C200B99B0B /* Release */ = {
			isa = XCBuildConfiguration;
			buildSettings = {
				ALWAYS_SEARCH_USER_PATHS = NO;
				CLANG_ANALYZER_NONNULL = YES;
				CLANG_ANALYZER_NUMBER_OBJECT_CONVERSION = YES_AGGRESSIVE;
				CLANG_CXX_LANGUAGE_STANDARD = "gnu++14";
				CLANG_CXX_LIBRARY = "libc++";
				CLANG_ENABLE_MODULES = YES;
				CLANG_ENABLE_OBJC_ARC = YES;
				CLANG_ENABLE_OBJC_WEAK = YES;
				CLANG_WARN_BLOCK_CAPTURE_AUTORELEASING = YES;
				CLANG_WARN_BOOL_CONVERSION = YES;
				CLANG_WARN_COMMA = YES;
				CLANG_WARN_CONSTANT_CONVERSION = YES;
				CLANG_WARN_DEPRECATED_OBJC_IMPLEMENTATIONS = YES;
				CLANG_WARN_DIRECT_OBJC_ISA_USAGE = YES_ERROR;
				CLANG_WARN_DOCUMENTATION_COMMENTS = YES;
				CLANG_WARN_EMPTY_BODY = YES;
				CLANG_WARN_ENUM_CONVERSION = YES;
				CLANG_WARN_INFINITE_RECURSION = YES;
				CLANG_WARN_INT_CONVERSION = YES;
				CLANG_WARN_NON_LITERAL_NULL_CONVERSION = YES;
				CLANG_WARN_OBJC_IMPLICIT_RETAIN_SELF = YES;
				CLANG_WARN_OBJC_LITERAL_CONVERSION = YES;
				CLANG_WARN_OBJC_ROOT_CLASS = YES_ERROR;
				CLANG_WARN_RANGE_LOOP_ANALYSIS = YES;
				CLANG_WARN_STRICT_PROTOTYPES = YES;
				CLANG_WARN_SUSPICIOUS_MOVE = YES;
				CLANG_WARN_UNGUARDED_AVAILABILITY = YES_AGGRESSIVE;
				CLANG_WARN_UNREACHABLE_CODE = YES;
				CLANG_WARN__DUPLICATE_METHOD_MATCH = YES;
				COPY_PHASE_STRIP = NO;
				DEBUG_INFORMATION_FORMAT = "dwarf-with-dsym";
				ENABLE_NS_ASSERTIONS = NO;
				ENABLE_STRICT_OBJC_MSGSEND = YES;
				GCC_C_LANGUAGE_STANDARD = gnu11;
				GCC_NO_COMMON_BLOCKS = YES;
				GCC_WARN_64_TO_32_BIT_CONVERSION = YES;
				GCC_WARN_ABOUT_RETURN_TYPE = YES_ERROR;
				GCC_WARN_UNDECLARED_SELECTOR = YES;
				GCC_WARN_UNINITIALIZED_AUTOS = YES_AGGRESSIVE;
				GCC_WARN_UNUSED_FUNCTION = YES;
				GCC_WARN_UNUSED_VARIABLE = YES;
				IPHONEOS_DEPLOYMENT_TARGET = 13.2;
				MTL_ENABLE_DEBUG_INFO = NO;
				MTL_FAST_MATH = YES;
				SDKROOT = iphoneos;
				SWIFT_COMPILATION_MODE = wholemodule;
				SWIFT_OPTIMIZATION_LEVEL = "-O";
				VALIDATE_PRODUCT = YES;
			};
			name = Release;
		};
		2BDD0697247398C200B99B0B /* Debug */ = {
			isa = XCBuildConfiguration;
			buildSettings = {
				ASSETCATALOG_COMPILER_APPICON_NAME = AppIcon;
				CODE_SIGN_STYLE = Automatic;
				DEVELOPMENT_TEAM = "";
				INFOPLIST_FILE = AutolayoutChat_View/Info.plist;
				IPHONEOS_DEPLOYMENT_TARGET = 13.0;
				LD_RUNPATH_SEARCH_PATHS = (
					"$(inherited)",
					"@executable_path/Frameworks",
				);
				PRODUCT_BUNDLE_IDENTIFIER = "com.brian.jstyle.AutolayoutChat-View";
				PRODUCT_NAME = "$(TARGET_NAME)";
				SWIFT_VERSION = 5.0;
				TARGETED_DEVICE_FAMILY = "1,2";
			};
			name = Debug;
		};
		2BDD0698247398C200B99B0B /* Release */ = {
			isa = XCBuildConfiguration;
			buildSettings = {
				ASSETCATALOG_COMPILER_APPICON_NAME = AppIcon;
				CODE_SIGN_STYLE = Automatic;
				DEVELOPMENT_TEAM = "";
				INFOPLIST_FILE = AutolayoutChat_View/Info.plist;
				IPHONEOS_DEPLOYMENT_TARGET = 13.0;
				LD_RUNPATH_SEARCH_PATHS = (
					"$(inherited)",
					"@executable_path/Frameworks",
				);
				PRODUCT_BUNDLE_IDENTIFIER = "com.brian.jstyle.AutolayoutChat-View";
				PRODUCT_NAME = "$(TARGET_NAME)";
				SWIFT_VERSION = 5.0;
				TARGETED_DEVICE_FAMILY = "1,2";
			};
			name = Release;
		};
/* End XCBuildConfiguration section */

/* Begin XCConfigurationList section */
		2BDD067A247398C100B99B0B /* Build configuration list for PBXProject "AutolayoutChat_View" */ = {
			isa = XCConfigurationList;
			buildConfigurations = (
				2BDD0694247398C200B99B0B /* Debug */,
				2BDD0695247398C200B99B0B /* Release */,
			);
			defaultConfigurationIsVisible = 0;
			defaultConfigurationName = Release;
		};
		2BDD0696247398C200B99B0B /* Build configuration list for PBXNativeTarget "AutolayoutChat_View" */ = {
			isa = XCConfigurationList;
			buildConfigurations = (
				2BDD0697247398C200B99B0B /* Debug */,
				2BDD0698247398C200B99B0B /* Release */,
			);
			defaultConfigurationIsVisible = 0;
			defaultConfigurationName = Release;
		};
/* End XCConfigurationList section */

/* Begin XCVersionGroup section */
		2BDD068B247398C100B99B0B /* AutolayoutChat_View.xcdatamodeld */ = {
			isa = XCVersionGroup;
			children = (
				2BDD068C247398C100B99B0B /* AutolayoutChat_View.xcdatamodel */,
			);
			currentVersion = 2BDD068C247398C100B99B0B /* AutolayoutChat_View.xcdatamodel */;
			path = AutolayoutChat_View.xcdatamodeld;
			sourceTree = "<group>";
			versionGroupType = wrapper.xcdatamodel;
		};
/* End XCVersionGroup section */
	};
	rootObject = 2BDD0677247398C100B99B0B /* Project object */;
}
