// !$*UTF8*$!
{
	archiveVersion = 1;
	classes = {
	};
	objectVersion = 50;
	objects = {

/* Begin PBXBuildFile section */
		1F2F2FEB25C9517B00E5E6CA /* AppDelegate.swift in Sources */ = {isa = PBXBuildFile; fileRef = 1F2F2FEA25C9517B00E5E6CA /* AppDelegate.swift */; };
		1F2F2FED25C9517B00E5E6CA /* SceneDelegate.swift in Sources */ = {isa = PBXBuildFile; fileRef = 1F2F2FEC25C9517B00E5E6CA /* SceneDelegate.swift */; };
		1F2F2FEF25C9517B00E5E6CA /* ViewController.swift in Sources */ = {isa = PBXBuildFile; fileRef = 1F2F2FEE25C9517B00E5E6CA /* ViewController.swift */; };
		1F2F2FF225C9517B00E5E6CA /* Main.storyboard in Resources */ = {isa = PBXBuildFile; fileRef = 1F2F2FF025C9517B00E5E6CA /* Main.storyboard */; };
		1F2F2FF425C9517C00E5E6CA /* Assets.xcassets in Resources */ = {isa = PBXBuildFile; fileRef = 1F2F2FF325C9517C00E5E6CA /* Assets.xcassets */; };
		1F2F2FF725C9517C00E5E6CA /* LaunchScreen.storyboard in Resources */ = {isa = PBXBuildFile; fileRef = 1F2F2FF525C9517C00E5E6CA /* LaunchScreen.storyboard */; };
		1F2F300525C9519500E5E6CA /* ListPresenter.swift in Sources */ = {isa = PBXBuildFile; fileRef = 1F2F2FFF25C9519500E5E6CA /* ListPresenter.swift */; };
		1F2F300625C9519500E5E6CA /* ListWorker.swift in Sources */ = {isa = PBXBuildFile; fileRef = 1F2F300025C9519500E5E6CA /* ListWorker.swift */; };
		1F2F300725C9519500E5E6CA /* ListRouter.swift in Sources */ = {isa = PBXBuildFile; fileRef = 1F2F300125C9519500E5E6CA /* ListRouter.swift */; };
		1F2F300825C9519500E5E6CA /* ListModels.swift in Sources */ = {isa = PBXBuildFile; fileRef = 1F2F300225C9519500E5E6CA /* ListModels.swift */; };
		1F2F300925C9519500E5E6CA /* ListViewController.swift in Sources */ = {isa = PBXBuildFile; fileRef = 1F2F300325C9519500E5E6CA /* ListViewController.swift */; };
		1F2F300A25C9519500E5E6CA /* ListInteractor.swift in Sources */ = {isa = PBXBuildFile; fileRef = 1F2F300425C9519500E5E6CA /* ListInteractor.swift */; };
		1F2F301025C9525F00E5E6CA /* Information.swift in Sources */ = {isa = PBXBuildFile; fileRef = 1F2F300F25C9525F00E5E6CA /* Information.swift */; };
		1F2F301A25C9549D00E5E6CA /* DetailPresenter.swift in Sources */ = {isa = PBXBuildFile; fileRef = 1F2F301425C9549D00E5E6CA /* DetailPresenter.swift */; };
		1F2F301B25C9549D00E5E6CA /* DetailWorker.swift in Sources */ = {isa = PBXBuildFile; fileRef = 1F2F301525C9549D00E5E6CA /* DetailWorker.swift */; };
		1F2F301C25C9549D00E5E6CA /* DetailRouter.swift in Sources */ = {isa = PBXBuildFile; fileRef = 1F2F301625C9549D00E5E6CA /* DetailRouter.swift */; };
		1F2F301D25C9549D00E5E6CA /* DetailModels.swift in Sources */ = {isa = PBXBuildFile; fileRef = 1F2F301725C9549D00E5E6CA /* DetailModels.swift */; };
		1F2F301E25C9549D00E5E6CA /* DetailViewController.swift in Sources */ = {isa = PBXBuildFile; fileRef = 1F2F301825C9549D00E5E6CA /* DetailViewController.swift */; };
		1F2F301F25C9549D00E5E6CA /* DetailInteractor.swift in Sources */ = {isa = PBXBuildFile; fileRef = 1F2F301925C9549D00E5E6CA /* DetailInteractor.swift */; };
		1F2F302325C9551F00E5E6CA /* ListTableViewCell.swift in Sources */ = {isa = PBXBuildFile; fileRef = 1F2F302225C9551F00E5E6CA /* ListTableViewCell.swift */; };
/* End PBXBuildFile section */

/* Begin PBXFileReference section */
		1F2F2FE725C9517B00E5E6CA /* CleanSwift_GetData.app */ = {isa = PBXFileReference; explicitFileType = wrapper.application; includeInIndex = 0; path = CleanSwift_GetData.app; sourceTree = BUILT_PRODUCTS_DIR; };
		1F2F2FEA25C9517B00E5E6CA /* AppDelegate.swift */ = {isa = PBXFileReference; lastKnownFileType = sourcecode.swift; path = AppDelegate.swift; sourceTree = "<group>"; };
		1F2F2FEC25C9517B00E5E6CA /* SceneDelegate.swift */ = {isa = PBXFileReference; lastKnownFileType = sourcecode.swift; path = SceneDelegate.swift; sourceTree = "<group>"; };
		1F2F2FEE25C9517B00E5E6CA /* ViewController.swift */ = {isa = PBXFileReference; lastKnownFileType = sourcecode.swift; path = ViewController.swift; sourceTree = "<group>"; };
		1F2F2FF125C9517B00E5E6CA /* Base */ = {isa = PBXFileReference; lastKnownFileType = file.storyboard; name = Base; path = Base.lproj/Main.storyboard; sourceTree = "<group>"; };
		1F2F2FF325C9517C00E5E6CA /* Assets.xcassets */ = {isa = PBXFileReference; lastKnownFileType = folder.assetcatalog; path = Assets.xcassets; sourceTree = "<group>"; };
		1F2F2FF625C9517C00E5E6CA /* Base */ = {isa = PBXFileReference; lastKnownFileType = file.storyboard; name = Base; path = Base.lproj/LaunchScreen.storyboard; sourceTree = "<group>"; };
		1F2F2FF825C9517C00E5E6CA /* Info.plist */ = {isa = PBXFileReference; lastKnownFileType = text.plist.xml; path = Info.plist; sourceTree = "<group>"; };
		1F2F2FFF25C9519500E5E6CA /* ListPresenter.swift */ = {isa = PBXFileReference; lastKnownFileType = sourcecode.swift; path = ListPresenter.swift; sourceTree = "<group>"; };
		1F2F300025C9519500E5E6CA /* ListWorker.swift */ = {isa = PBXFileReference; lastKnownFileType = sourcecode.swift; path = ListWorker.swift; sourceTree = "<group>"; };
		1F2F300125C9519500E5E6CA /* ListRouter.swift */ = {isa = PBXFileReference; lastKnownFileType = sourcecode.swift; path = ListRouter.swift; sourceTree = "<group>"; };
		1F2F300225C9519500E5E6CA /* ListModels.swift */ = {isa = PBXFileReference; lastKnownFileType = sourcecode.swift; path = ListModels.swift; sourceTree = "<group>"; };
		1F2F300325C9519500E5E6CA /* ListViewController.swift */ = {isa = PBXFileReference; lastKnownFileType = sourcecode.swift; path = ListViewController.swift; sourceTree = "<group>"; };
		1F2F300425C9519500E5E6CA /* ListInteractor.swift */ = {isa = PBXFileReference; lastKnownFileType = sourcecode.swift; path = ListInteractor.swift; sourceTree = "<group>"; };
		1F2F300F25C9525F00E5E6CA /* Information.swift */ = {isa = PBXFileReference; lastKnownFileType = sourcecode.swift; path = Information.swift; sourceTree = "<group>"; };
		1F2F301425C9549D00E5E6CA /* DetailPresenter.swift */ = {isa = PBXFileReference; lastKnownFileType = sourcecode.swift; path = DetailPresenter.swift; sourceTree = "<group>"; };
		1F2F301525C9549D00E5E6CA /* DetailWorker.swift */ = {isa = PBXFileReference; lastKnownFileType = sourcecode.swift; path = DetailWorker.swift; sourceTree = "<group>"; };
		1F2F301625C9549D00E5E6CA /* DetailRouter.swift */ = {isa = PBXFileReference; lastKnownFileType = sourcecode.swift; path = DetailRouter.swift; sourceTree = "<group>"; };
		1F2F301725C9549D00E5E6CA /* DetailModels.swift */ = {isa = PBXFileReference; lastKnownFileType = sourcecode.swift; path = DetailModels.swift; sourceTree = "<group>"; };
		1F2F301825C9549D00E5E6CA /* DetailViewController.swift */ = {isa = PBXFileReference; lastKnownFileType = sourcecode.swift; path = DetailViewController.swift; sourceTree = "<group>"; };
		1F2F301925C9549D00E5E6CA /* DetailInteractor.swift */ = {isa = PBXFileReference; lastKnownFileType = sourcecode.swift; path = DetailInteractor.swift; sourceTree = "<group>"; };
		1F2F302225C9551F00E5E6CA /* ListTableViewCell.swift */ = {isa = PBXFileReference; lastKnownFileType = sourcecode.swift; path = ListTableViewCell.swift; sourceTree = "<group>"; };
/* End PBXFileReference section */

/* Begin PBXFrameworksBuildPhase section */
		1F2F2FE425C9517B00E5E6CA /* Frameworks */ = {
			isa = PBXFrameworksBuildPhase;
			buildActionMask = 2147483647;
			files = (
			);
			runOnlyForDeploymentPostprocessing = 0;
		};
/* End PBXFrameworksBuildPhase section */

/* Begin PBXGroup section */
		1F2F2FDE25C9517B00E5E6CA = {
			isa = PBXGroup;
			children = (
				1F2F2FE925C9517B00E5E6CA /* CleanSwift_GetData */,
				1F2F2FE825C9517B00E5E6CA /* Products */,
			);
			sourceTree = "<group>";
		};
		1F2F2FE825C9517B00E5E6CA /* Products */ = {
			isa = PBXGroup;
			children = (
				1F2F2FE725C9517B00E5E6CA /* CleanSwift_GetData.app */,
			);
			name = Products;
			sourceTree = "<group>";
		};
		1F2F2FE925C9517B00E5E6CA /* CleanSwift_GetData */ = {
			isa = PBXGroup;
			children = (
				1F2F300E25C9524F00E5E6CA /* Model */,
				1F2F300C25C9519A00E5E6CA /* List */,
				1F2F301325C9547200E5E6CA /* Detail */,
				1F2F2FEA25C9517B00E5E6CA /* AppDelegate.swift */,
				1F2F2FEC25C9517B00E5E6CA /* SceneDelegate.swift */,
				1F2F2FEE25C9517B00E5E6CA /* ViewController.swift */,
				1F2F2FF025C9517B00E5E6CA /* Main.storyboard */,
				1F2F2FF325C9517C00E5E6CA /* Assets.xcassets */,
				1F2F2FF525C9517C00E5E6CA /* LaunchScreen.storyboard */,
				1F2F2FF825C9517C00E5E6CA /* Info.plist */,
			);
			path = CleanSwift_GetData;
			sourceTree = "<group>";
		};
		1F2F300C25C9519A00E5E6CA /* List */ = {
			isa = PBXGroup;
			children = (
				1F2F300325C9519500E5E6CA /* ListViewController.swift */,
				1F2F300425C9519500E5E6CA /* ListInteractor.swift */,
				1F2F2FFF25C9519500E5E6CA /* ListPresenter.swift */,
				1F2F300225C9519500E5E6CA /* ListModels.swift */,
				1F2F300025C9519500E5E6CA /* ListWorker.swift */,
				1F2F300125C9519500E5E6CA /* ListRouter.swift */,
				1F2F302225C9551F00E5E6CA /* ListTableViewCell.swift */,
			);
			path = List;
			sourceTree = "<group>";
		};
		1F2F300E25C9524F00E5E6CA /* Model */ = {
			isa = PBXGroup;
			children = (
				1F2F300F25C9525F00E5E6CA /* Information.swift */,
			);
			path = Model;
			sourceTree = "<group>";
		};
		1F2F301325C9547200E5E6CA /* Detail */ = {
			isa = PBXGroup;
			children = (
				1F2F301825C9549D00E5E6CA /* DetailViewController.swift */,
				1F2F301925C9549D00E5E6CA /* DetailInteractor.swift */,
				1F2F301425C9549D00E5E6CA /* DetailPresenter.swift */,
				1F2F301725C9549D00E5E6CA /* DetailModels.swift */,
				1F2F301525C9549D00E5E6CA /* DetailWorker.swift */,
				1F2F301625C9549D00E5E6CA /* DetailRouter.swift */,
			);
			path = Detail;
			sourceTree = "<group>";
		};
/* End PBXGroup section */

/* Begin PBXNativeTarget section */
		1F2F2FE625C9517B00E5E6CA /* CleanSwift_GetData */ = {
			isa = PBXNativeTarget;
			buildConfigurationList = 1F2F2FFB25C9517C00E5E6CA /* Build configuration list for PBXNativeTarget "CleanSwift_GetData" */;
			buildPhases = (
				1F2F2FE325C9517B00E5E6CA /* Sources */,
				1F2F2FE425C9517B00E5E6CA /* Frameworks */,
				1F2F2FE525C9517B00E5E6CA /* Resources */,
			);
			buildRules = (
			);
			dependencies = (
			);
			name = CleanSwift_GetData;
			productName = CleanSwift_GetData;
			productReference = 1F2F2FE725C9517B00E5E6CA /* CleanSwift_GetData.app */;
			productType = "com.apple.product-type.application";
		};
/* End PBXNativeTarget section */

/* Begin PBXProject section */
		1F2F2FDF25C9517B00E5E6CA /* Project object */ = {
			isa = PBXProject;
			attributes = {
				LastSwiftUpdateCheck = 1220;
				LastUpgradeCheck = 1220;
				TargetAttributes = {
					1F2F2FE625C9517B00E5E6CA = {
						CreatedOnToolsVersion = 12.2;
					};
				};
			};
			buildConfigurationList = 1F2F2FE225C9517B00E5E6CA /* Build configuration list for PBXProject "CleanSwift_GetData" */;
			compatibilityVersion = "Xcode 9.3";
			developmentRegion = en;
			hasScannedForEncodings = 0;
			knownRegions = (
				en,
				Base,
			);
			mainGroup = 1F2F2FDE25C9517B00E5E6CA;
			productRefGroup = 1F2F2FE825C9517B00E5E6CA /* Products */;
			projectDirPath = "";
			projectRoot = "";
			targets = (
				1F2F2FE625C9517B00E5E6CA /* CleanSwift_GetData */,
			);
		};
/* End PBXProject section */

/* Begin PBXResourcesBuildPhase section */
		1F2F2FE525C9517B00E5E6CA /* Resources */ = {
			isa = PBXResourcesBuildPhase;
			buildActionMask = 2147483647;
			files = (
				1F2F2FF725C9517C00E5E6CA /* LaunchScreen.storyboard in Resources */,
				1F2F2FF425C9517C00E5E6CA /* Assets.xcassets in Resources */,
				1F2F2FF225C9517B00E5E6CA /* Main.storyboard in Resources */,
			);
			runOnlyForDeploymentPostprocessing = 0;
		};
/* End PBXResourcesBuildPhase section */

/* Begin PBXSourcesBuildPhase section */
		1F2F2FE325C9517B00E5E6CA /* Sources */ = {
			isa = PBXSourcesBuildPhase;
			buildActionMask = 2147483647;
			files = (
				1F2F300725C9519500E5E6CA /* ListRouter.swift in Sources */,
				1F2F2FEF25C9517B00E5E6CA /* ViewController.swift in Sources */,
				1F2F301D25C9549D00E5E6CA /* DetailModels.swift in Sources */,
				1F2F301025C9525F00E5E6CA /* Information.swift in Sources */,
				1F2F301C25C9549D00E5E6CA /* DetailRouter.swift in Sources */,
				1F2F302325C9551F00E5E6CA /* ListTableViewCell.swift in Sources */,
				1F2F2FEB25C9517B00E5E6CA /* AppDelegate.swift in Sources */,
				1F2F301A25C9549D00E5E6CA /* DetailPresenter.swift in Sources */,
				1F2F300A25C9519500E5E6CA /* ListInteractor.swift in Sources */,
				1F2F300625C9519500E5E6CA /* ListWorker.swift in Sources */,
				1F2F300525C9519500E5E6CA /* ListPresenter.swift in Sources */,
				1F2F300825C9519500E5E6CA /* ListModels.swift in Sources */,
				1F2F300925C9519500E5E6CA /* ListViewController.swift in Sources */,
				1F2F301E25C9549D00E5E6CA /* DetailViewController.swift in Sources */,
				1F2F301B25C9549D00E5E6CA /* DetailWorker.swift in Sources */,
				1F2F2FED25C9517B00E5E6CA /* SceneDelegate.swift in Sources */,
				1F2F301F25C9549D00E5E6CA /* DetailInteractor.swift in Sources */,
			);
			runOnlyForDeploymentPostprocessing = 0;
		};
/* End PBXSourcesBuildPhase section */

/* Begin PBXVariantGroup section */
		1F2F2FF025C9517B00E5E6CA /* Main.storyboard */ = {
			isa = PBXVariantGroup;
			children = (
				1F2F2FF125C9517B00E5E6CA /* Base */,
			);
			name = Main.storyboard;
			sourceTree = "<group>";
		};
		1F2F2FF525C9517C00E5E6CA /* LaunchScreen.storyboard */ = {
			isa = PBXVariantGroup;
			children = (
				1F2F2FF625C9517C00E5E6CA /* Base */,
			);
			name = LaunchScreen.storyboard;
			sourceTree = "<group>";
		};
/* End PBXVariantGroup section */

/* Begin XCBuildConfiguration section */
		1F2F2FF925C9517C00E5E6CA /* Debug */ = {
			isa = XCBuildConfiguration;
			buildSettings = {
				ALWAYS_SEARCH_USER_PATHS = NO;
				CLANG_ANALYZER_NONNULL = YES;
				CLANG_ANALYZER_NUMBER_OBJECT_CONVERSION = YES_AGGRESSIVE;
				CLANG_CXX_LANGUAGE_STANDARD = "gnu++14";
				CLANG_CXX_LIBRARY = "libc++";
				CLANG_ENABLE_MODULES = YES;
				CLANG_ENABLE_OBJC_ARC = YES;
				CLANG_ENABLE_OBJC_WEAK = YES;
				CLANG_WARN_BLOCK_CAPTURE_AUTORELEASING = YES;
				CLANG_WARN_BOOL_CONVERSION = YES;
				CLANG_WARN_COMMA = YES;
				CLANG_WARN_CONSTANT_CONVERSION = YES;
				CLANG_WARN_DEPRECATED_OBJC_IMPLEMENTATIONS = YES;
				CLANG_WARN_DIRECT_OBJC_ISA_USAGE = YES_ERROR;
				CLANG_WARN_DOCUMENTATION_COMMENTS = YES;
				CLANG_WARN_EMPTY_BODY = YES;
				CLANG_WARN_ENUM_CONVERSION = YES;
				CLANG_WARN_INFINITE_RECURSION = YES;
				CLANG_WARN_INT_CONVERSION = YES;
				CLANG_WARN_NON_LITERAL_NULL_CONVERSION = YES;
				CLANG_WARN_OBJC_IMPLICIT_RETAIN_SELF = YES;
				CLANG_WARN_OBJC_LITERAL_CONVERSION = YES;
				CLANG_WARN_OBJC_ROOT_CLASS = YES_ERROR;
				CLANG_WARN_QUOTED_INCLUDE_IN_FRAMEWORK_HEADER = YES;
				CLANG_WARN_RANGE_LOOP_ANALYSIS = YES;
				CLANG_WARN_STRICT_PROTOTYPES = YES;
				CLANG_WARN_SUSPICIOUS_MOVE = YES;
				CLANG_WARN_UNGUARDED_AVAILABILITY = YES_AGGRESSIVE;
				CLANG_WARN_UNREACHABLE_CODE = YES;
				CLANG_WARN__DUPLICATE_METHOD_MATCH = YES;
				COPY_PHASE_STRIP = NO;
				DEBUG_INFORMATION_FORMAT = dwarf;
				ENABLE_STRICT_OBJC_MSGSEND = YES;
				ENABLE_TESTABILITY = YES;
				GCC_C_LANGUAGE_STANDARD = gnu11;
				GCC_DYNAMIC_NO_PIC = NO;
				GCC_NO_COMMON_BLOCKS = YES;
				GCC_OPTIMIZATION_LEVEL = 0;
				GCC_PREPROCESSOR_DEFINITIONS = (
					"DEBUG=1",
					"$(inherited)",
				);
				GCC_WARN_64_TO_32_BIT_CONVERSION = YES;
				GCC_WARN_ABOUT_RETURN_TYPE = YES_ERROR;
				GCC_WARN_UNDECLARED_SELECTOR = YES;
				GCC_WARN_UNINITIALIZED_AUTOS = YES_AGGRESSIVE;
				GCC_WARN_UNUSED_FUNCTION = YES;
				GCC_WARN_UNUSED_VARIABLE = YES;
				IPHONEOS_DEPLOYMENT_TARGET = 14.2;
				MTL_ENABLE_DEBUG_INFO = INCLUDE_SOURCE;
				MTL_FAST_MATH = YES;
				ONLY_ACTIVE_ARCH = YES;
				SDKROOT = iphoneos;
				SWIFT_ACTIVE_COMPILATION_CONDITIONS = DEBUG;
				SWIFT_OPTIMIZATION_LEVEL = "-Onone";
			};
			name = Debug;
		};
		1F2F2FFA25C9517C00E5E6CA /* Release */ = {
			isa = XCBuildConfiguration;
			buildSettings = {
				ALWAYS_SEARCH_USER_PATHS = NO;
				CLANG_ANALYZER_NONNULL = YES;
				CLANG_ANALYZER_NUMBER_OBJECT_CONVERSION = YES_AGGRESSIVE;
				CLANG_CXX_LANGUAGE_STANDARD = "gnu++14";
				CLANG_CXX_LIBRARY = "libc++";
				CLANG_ENABLE_MODULES = YES;
				CLANG_ENABLE_OBJC_ARC = YES;
				CLANG_ENABLE_OBJC_WEAK = YES;
				CLANG_WARN_BLOCK_CAPTURE_AUTORELEASING = YES;
				CLANG_WARN_BOOL_CONVERSION = YES;
				CLANG_WARN_COMMA = YES;
				CLANG_WARN_CONSTANT_CONVERSION = YES;
				CLANG_WARN_DEPRECATED_OBJC_IMPLEMENTATIONS = YES;
				CLANG_WARN_DIRECT_OBJC_ISA_USAGE = YES_ERROR;
				CLANG_WARN_DOCUMENTATION_COMMENTS = YES;
				CLANG_WARN_EMPTY_BODY = YES;
				CLANG_WARN_ENUM_CONVERSION = YES;
				CLANG_WARN_INFINITE_RECURSION = YES;
				CLANG_WARN_INT_CONVERSION = YES;
				CLANG_WARN_NON_LITERAL_NULL_CONVERSION = YES;
				CLANG_WARN_OBJC_IMPLICIT_RETAIN_SELF = YES;
				CLANG_WARN_OBJC_LITERAL_CONVERSION = YES;
				CLANG_WARN_OBJC_ROOT_CLASS = YES_ERROR;
				CLANG_WARN_QUOTED_INCLUDE_IN_FRAMEWORK_HEADER = YES;
				CLANG_WARN_RANGE_LOOP_ANALYSIS = YES;
				CLANG_WARN_STRICT_PROTOTYPES = YES;
				CLANG_WARN_SUSPICIOUS_MOVE = YES;
				CLANG_WARN_UNGUARDED_AVAILABILITY = YES_AGGRESSIVE;
				CLANG_WARN_UNREACHABLE_CODE = YES;
				CLANG_WARN__DUPLICATE_METHOD_MATCH = YES;
				COPY_PHASE_STRIP = NO;
				DEBUG_INFORMATION_FORMAT = "dwarf-with-dsym";
				ENABLE_NS_ASSERTIONS = NO;
				ENABLE_STRICT_OBJC_MSGSEND = YES;
				GCC_C_LANGUAGE_STANDARD = gnu11;
				GCC_NO_COMMON_BLOCKS = YES;
				GCC_WARN_64_TO_32_BIT_CONVERSION = YES;
				GCC_WARN_ABOUT_RETURN_TYPE = YES_ERROR;
				GCC_WARN_UNDECLARED_SELECTOR = YES;
				GCC_WARN_UNINITIALIZED_AUTOS = YES_AGGRESSIVE;
				GCC_WARN_UNUSED_FUNCTION = YES;
				GCC_WARN_UNUSED_VARIABLE = YES;
				IPHONEOS_DEPLOYMENT_TARGET = 14.2;
				MTL_ENABLE_DEBUG_INFO = NO;
				MTL_FAST_MATH = YES;
				SDKROOT = iphoneos;
				SWIFT_COMPILATION_MODE = wholemodule;
				SWIFT_OPTIMIZATION_LEVEL = "-O";
				VALIDATE_PRODUCT = YES;
			};
			name = Release;
		};
		1F2F2FFC25C9517C00E5E6CA /* Debug */ = {
			isa = XCBuildConfiguration;
			buildSettings = {
				ASSETCATALOG_COMPILER_APPICON_NAME = AppIcon;
				ASSETCATALOG_COMPILER_GLOBAL_ACCENT_COLOR_NAME = AccentColor;
				CODE_SIGN_STYLE = Automatic;
				DEVELOPMENT_TEAM = X4BPUW3TWT;
				INFOPLIST_FILE = CleanSwift_GetData/Info.plist;
				LD_RUNPATH_SEARCH_PATHS = (
					"$(inherited)",
					"@executable_path/Frameworks",
				);
				PRODUCT_BUNDLE_IDENTIFIER = "com.brian.CleanSwift-GetData";
				PRODUCT_NAME = "$(TARGET_NAME)";
				SWIFT_VERSION = 5.0;
				TARGETED_DEVICE_FAMILY = "1,2";
			};
			name = Debug;
		};
		1F2F2FFD25C9517C00E5E6CA /* Release */ = {
			isa = XCBuildConfiguration;
			buildSettings = {
				ASSETCATALOG_COMPILER_APPICON_NAME = AppIcon;
				ASSETCATALOG_COMPILER_GLOBAL_ACCENT_COLOR_NAME = AccentColor;
				CODE_SIGN_STYLE = Automatic;
				DEVELOPMENT_TEAM = X4BPUW3TWT;
				INFOPLIST_FILE = CleanSwift_GetData/Info.plist;
				LD_RUNPATH_SEARCH_PATHS = (
					"$(inherited)",
					"@executable_path/Frameworks",
				);
				PRODUCT_BUNDLE_IDENTIFIER = "com.brian.CleanSwift-GetData";
				PRODUCT_NAME = "$(TARGET_NAME)";
				SWIFT_VERSION = 5.0;
				TARGETED_DEVICE_FAMILY = "1,2";
			};
			name = Release;
		};
/* End XCBuildConfiguration section */

/* Begin XCConfigurationList section */
		1F2F2FE225C9517B00E5E6CA /* Build configuration list for PBXProject "CleanSwift_GetData" */ = {
			isa = XCConfigurationList;
			buildConfigurations = (
				1F2F2FF925C9517C00E5E6CA /* Debug */,
				1F2F2FFA25C9517C00E5E6CA /* Release */,
			);
			defaultConfigurationIsVisible = 0;
			defaultConfigurationName = Release;
		};
		1F2F2FFB25C9517C00E5E6CA /* Build configuration list for PBXNativeTarget "CleanSwift_GetData" */ = {
			isa = XCConfigurationList;
			buildConfigurations = (
				1F2F2FFC25C9517C00E5E6CA /* Debug */,
				1F2F2FFD25C9517C00E5E6CA /* Release */,
			);
			defaultConfigurationIsVisible = 0;
			defaultConfigurationName = Release;
		};
/* End XCConfigurationList section */
	};
	rootObject = 1F2F2FDF25C9517B00E5E6CA /* Project object */;
}
